# THIS IS AN AUTOGENERATED FILE. DO NOT EDIT THIS FILE DIRECTLY.
# yarn lockfile v1


"@ant-design/colors@^7.0.0", "@ant-design/colors@^7.2.1":
  version "7.2.1"
  resolved "https://registry.npmjs.org/@ant-design/colors/-/colors-7.2.1.tgz"
  integrity sha512-lCHDcEzieu4GA3n8ELeZ5VQ8pKQAWcGGLRTQ50aQM2iqPpq2evTxER84jfdPvsPAtEcZ7m44NI45edFMo8oOYQ==
  dependencies:
    "@ant-design/fast-color" "^2.0.6"

"@ant-design/cssinjs-utils@^1.1.3":
  version "1.1.3"
  resolved "https://registry.npmjs.org/@ant-design/cssinjs-utils/-/cssinjs-utils-1.1.3.tgz"
  integrity sha512-nOoQMLW1l+xR1Co8NFVYiP8pZp3VjIIzqV6D6ShYF2ljtdwWJn5WSsH+7kvCktXL/yhEtWURKOfH5Xz/gzlwsg==
  dependencies:
    "@ant-design/cssinjs" "^1.21.0"
    "@babel/runtime" "^7.23.2"
    rc-util "^5.38.0"

"@ant-design/cssinjs@^1.21.0", "@ant-design/cssinjs@^1.23.0":
  version "1.24.0"
  dependencies:
    "@babel/runtime" "^7.11.1"
    "@emotion/hash" "^0.8.0"
    "@emotion/unitless" "^0.7.5"
    classnames "^2.3.1"
    csstype "^3.1.3"
    rc-util "^5.35.0"
    stylis "^4.3.4"

"@ant-design/fast-color@^2.0.6":
  version "2.0.6"
  resolved "https://registry.npmjs.org/@ant-design/fast-color/-/fast-color-2.0.6.tgz"
  integrity sha512-y2217gk4NqL35giHl72o6Zzqji9O7vHh9YmhUVkPtAOpoTCH4uWxo/pr4VE8t0+ChEPs0qo4eJRC5Q1eXWo3vA==
  dependencies:
    "@babel/runtime" "^7.24.7"

"@ant-design/icons-svg@^4.4.0":
  version "4.4.2"
  resolved "https://registry.npmjs.org/@ant-design/icons-svg/-/icons-svg-4.4.2.tgz"
  integrity sha512-vHbT+zJEVzllwP+CM+ul7reTEfBR0vgxFe7+lREAsAA7YGsYpboiq2sQNeQeRvh09GfQgs/GyFEvZpJ9cLXpXA==

"@ant-design/icons@^5.6.1":
  version "5.6.1"
  resolved "https://registry.npmjs.org/@ant-design/icons/-/icons-5.6.1.tgz"
  integrity sha512-0/xS39c91WjPAZOWsvi1//zjx6kAp4kxWwctR6kuU6p133w8RU0D2dSCvZC19uQyharg/sAvYxGYWl01BbZZfg==
  dependencies:
    "@ant-design/colors" "^7.0.0"
    "@ant-design/icons-svg" "^4.4.0"
    "@babel/runtime" "^7.24.8"
    classnames "^2.2.6"
    rc-util "^5.31.1"

"@ant-design/react-slick@~1.1.2":
  version "1.1.2"
  resolved "https://registry.npmjs.org/@ant-design/react-slick/-/react-slick-1.1.2.tgz"
  integrity sha512-EzlvzE6xQUBrZuuhSAFTdsr4P2bBBHGZwKFemEfq8gIGyIQCxalYfZW/T2ORbtQx5rU69o+WycP3exY/7T1hGA==
  dependencies:
    "@babel/runtime" "^7.10.4"
    classnames "^2.2.5"
    json2mq "^0.2.0"
    resize-observer-polyfill "^1.5.1"
    throttle-debounce "^5.0.0"

"@babel/helper-string-parser@^7.27.1":
  version "7.27.1"

"@babel/helper-validator-identifier@^7.27.1":
  version "7.27.1"

"@babel/parser@^7.28.4":
  version "7.28.4"
  resolved "https://registry.npmjs.org/@babel/parser/-/parser-7.28.4.tgz"
  integrity sha512-yZbBqeM6TkpP9du/I2pUZnJsRMGGvOuIrhjzC1AwHwW+6he4mni6Bp/m8ijn0iOuZuPI2BfkCoSRunpyjnrQKg==
  dependencies:
    "@babel/types" "^7.28.4"

"@babel/runtime@^7.10.1", "@babel/runtime@^7.10.4", "@babel/runtime@^7.11.1", "@babel/runtime@^7.11.2", "@babel/runtime@^7.16.7", "@babel/runtime@^7.18.0", "@babel/runtime@^7.18.3", "@babel/runtime@^7.20.0", "@babel/runtime@^7.20.7", "@babel/runtime@^7.21.0", "@babel/runtime@^7.22.5", "@babel/runtime@^7.23.2", "@babel/runtime@^7.23.6", "@babel/runtime@^7.23.9", "@babel/runtime@^7.24.4", "@babel/runtime@^7.24.7", "@babel/runtime@^7.24.8", "@babel/runtime@^7.25.7", "@babel/runtime@^7.26.0":
  version "7.28.2"

"@babel/types@^7.28.4":
  version "7.28.4"
  dependencies:
    "@babel/helper-string-parser" "^7.27.1"
    "@babel/helper-validator-identifier" "^7.27.1"

"@emotion/hash@^0.8.0":
  version "0.8.0"
  resolved "https://registry.npmjs.org/@emotion/hash/-/hash-0.8.0.tgz"
  integrity sha512-kBJtf7PH6aWwZ6fka3zQ0p6SBYzx4fl1LoZXE2RrnYST9Xljm7WfKJrU4g/Xr3Beg72MLrp1AWNUmuYJTL7Cow==

"@emotion/unitless@^0.7.5":
  version "0.7.5"
  resolved "https://registry.npmjs.org/@emotion/unitless/-/unitless-0.7.5.tgz"
  integrity sha512-OWORNpfjMsSSUBVrRBVGECkhWcULOAJz9ZW8uK9qgxD+87M7jHRcvh/A96XXNhXTLmKcoYSQtBEX7lHMO7YRwg==

"@mongodb-js/saslprep@^1.1.9":
  version "1.3.0"
  dependencies:
    sparse-bitfield "^3.0.3"

"@rc-component/async-validator@^5.0.3":
  version "5.0.4"
  resolved "https://registry.npmjs.org/@rc-component/async-validator/-/async-validator-5.0.4.tgz"
  integrity sha512-qgGdcVIF604M9EqjNF0hbUTz42bz/RDtxWdWuU5EQe3hi7M8ob54B6B35rOsvX5eSvIHIzT9iH1R3n+hk3CGfg==
  dependencies:
    "@babel/runtime" "^7.24.4"

"@rc-component/color-picker@~2.0.1":
  version "2.0.1"
  resolved "https://registry.npmjs.org/@rc-component/color-picker/-/color-picker-2.0.1.tgz"
  integrity sha512-WcZYwAThV/b2GISQ8F+7650r5ZZJ043E57aVBFkQ+kSY4C6wdofXgB0hBx+GPGpIU0Z81eETNoDUJMr7oy/P8Q==
  dependencies:
    "@ant-design/fast-color" "^2.0.6"
    "@babel/runtime" "^7.23.6"
    classnames "^2.2.6"
    rc-util "^5.38.1"

"@rc-component/context@^1.4.0":
  version "1.4.0"
  resolved "https://registry.npmjs.org/@rc-component/context/-/context-1.4.0.tgz"
  integrity sha512-kFcNxg9oLRMoL3qki0OMxK+7g5mypjgaaJp/pkOis/6rVxma9nJBF/8kCIuTYHUQNr0ii7MxqE33wirPZLJQ2w==
  dependencies:
    "@babel/runtime" "^7.10.1"
    rc-util "^5.27.0"

"@rc-component/mini-decimal@^1.0.1":
  version "1.1.0"
  resolved "https://registry.npmjs.org/@rc-component/mini-decimal/-/mini-decimal-1.1.0.tgz"
  integrity sha512-jS4E7T9Li2GuYwI6PyiVXmxTiM6b07rlD9Ge8uGZSCz3WlzcG5ZK7g5bbuKNeZ9pgUuPK/5guV781ujdVpm4HQ==
  dependencies:
    "@babel/runtime" "^7.18.0"

"@rc-component/mutate-observer@^1.1.0":
  version "1.1.0"
  resolved "https://registry.npmjs.org/@rc-component/mutate-observer/-/mutate-observer-1.1.0.tgz"
  integrity sha512-QjrOsDXQusNwGZPf4/qRQasg7UFEj06XiCJ8iuiq/Io7CrHrgVi6Uuetw60WAMG1799v+aM8kyc+1L/GBbHSlw==
  dependencies:
    "@babel/runtime" "^7.18.0"
    classnames "^2.3.2"
    rc-util "^5.24.4"

"@rc-component/portal@^1.0.0-8", "@rc-component/portal@^1.0.0-9", "@rc-component/portal@^1.0.2", "@rc-component/portal@^1.1.0", "@rc-component/portal@^1.1.1":
  version "1.1.2"
  resolved "https://registry.npmjs.org/@rc-component/portal/-/portal-1.1.2.tgz"
  integrity sha512-6f813C0IsasTZms08kfA8kPAGxbbkYToa8ALaiDIGGECU4i9hj8Plgbx0sNJDrey3EtHO30hmdaxtT0138xZcg==
  dependencies:
    "@babel/runtime" "^7.18.0"
    classnames "^2.3.2"
    rc-util "^5.24.4"

"@rc-component/qrcode@~1.0.0":
  version "1.0.0"
  resolved "https://registry.npmjs.org/@rc-component/qrcode/-/qrcode-1.0.0.tgz"
  integrity sha512-L+rZ4HXP2sJ1gHMGHjsg9jlYBX/SLN2D6OxP9Zn3qgtpMWtO2vUfxVFwiogHpAIqs54FnALxraUy/BCO1yRIgg==
  dependencies:
    "@babel/runtime" "^7.24.7"
    classnames "^2.3.2"
    rc-util "^5.38.0"

"@rc-component/tour@~1.15.1":
  version "1.15.1"
  resolved "https://registry.npmjs.org/@rc-component/tour/-/tour-1.15.1.tgz"
  integrity sha512-Tr2t7J1DKZUpfJuDZWHxyxWpfmj8EZrqSgyMZ+BCdvKZ6r1UDsfU46M/iWAAFBy961Ssfom2kv5f3UcjIL2CmQ==
  dependencies:
    "@babel/runtime" "^7.18.0"
    "@rc-component/portal" "^1.0.0-9"
    "@rc-component/trigger" "^2.0.0"
    classnames "^2.3.2"
    rc-util "^5.24.4"

"@rc-component/trigger@^2.0.0", "@rc-component/trigger@^2.1.1", "@rc-component/trigger@^2.3.0":
  version "2.3.0"
  dependencies:
    "@babel/runtime" "^7.23.2"
    "@rc-component/portal" "^1.1.0"
    classnames "^2.3.2"
    rc-motion "^2.0.0"
    rc-resize-observer "^1.3.1"
    rc-util "^5.44.0"

"@socket.io/component-emitter@~3.1.0":
  version "3.1.2"
  resolved "https://registry.npmjs.org/@socket.io/component-emitter/-/component-emitter-3.1.2.tgz"
  integrity sha512-9BCxFwvbGg/RsZK9tjXd8s4UcwR0MWeFQ1XEKIQVVvAGJyINdrqKMcTRyLoK8Rse1GjzLV9cwjWV1olXRWEXVA==

"@types/cors@^2.8.12":
  version "2.8.19"
  resolved "https://registry.npmjs.org/@types/cors/-/cors-2.8.19.tgz"
  integrity sha512-mFNylyeyqN93lfe/9CSxOGREz8cpzAhH+E93xJ4xWQf62V8sQ/24reV2nyzUWM6H6Xji+GGHpkbLe7pVoUEskg==
  dependencies:
    "@types/node" "*"

"@types/node-fetch@^2.6.4":
  version "2.6.12"
  resolved "https://registry.npmjs.org/@types/node-fetch/-/node-fetch-2.6.12.tgz"
  integrity sha512-8nneRWKCg3rMtF69nLQJnOYUcbafYeFSjqkw3jCRLsqkWFlHaoQrr5mXmofFGOx3DKn7UfmBMyov8ySvLRVldA==
  dependencies:
    "@types/node" "*"
    form-data "^4.0.0"

"@types/node@*", "@types/node@>=10.0.0":
  version "24.1.0"
  dependencies:
    undici-types "~7.8.0"

"@types/node@^18.11.18":
  version "18.19.120"
  dependencies:
    undici-types "~5.26.4"

"@types/webidl-conversions@*":
  version "7.0.3"

"@types/whatwg-url@^11.0.2":
  version "11.0.5"
  dependencies:
    "@types/webidl-conversions" "*"

abort-controller@^3.0.0:
  version "3.0.0"
  dependencies:
    event-target-shim "^5.0.0"

accepts@^2.0.0:
  version "2.0.0"
  dependencies:
    mime-types "^3.0.0"
    negotiator "^1.0.0"

accepts@~1.3.4:
  version "1.3.8"
  dependencies:
    mime-types "~2.1.34"
    negotiator "0.6.3"

agentkeepalive@^4.2.1:
  version "4.6.0"
  dependencies:
    humanize-ms "^1.2.1"

antd@^5.26.0:
  version "5.27.4"
  dependencies:
    "@ant-design/colors" "^7.2.1"
    "@ant-design/cssinjs" "^1.23.0"
    "@ant-design/cssinjs-utils" "^1.1.3"
    "@ant-design/fast-color" "^2.0.6"
    "@ant-design/icons" "^5.6.1"
    "@ant-design/react-slick" "~1.1.2"
    "@babel/runtime" "^7.26.0"
    "@rc-component/color-picker" "~2.0.1"
    "@rc-component/mutate-observer" "^1.1.0"
    "@rc-component/qrcode" "~1.0.0"
    "@rc-component/tour" "~1.15.1"
    "@rc-component/trigger" "^2.3.0"
    classnames "^2.5.1"
    copy-to-clipboard "^3.3.3"
    dayjs "^1.11.11"
    rc-cascader "~3.34.0"
    rc-checkbox "~3.5.0"
    rc-collapse "~3.9.0"
    rc-dialog "~9.6.0"
    rc-drawer "~7.3.0"
    rc-dropdown "~4.2.1"
    rc-field-form "~2.7.0"
    rc-image "~7.12.0"
    rc-input "~1.8.0"
    rc-input-number "~9.5.0"
    rc-mentions "~2.20.0"
    rc-menu "~9.16.1"
    rc-motion "^2.9.5"
    rc-notification "~5.6.4"
    rc-pagination "~5.1.0"
    rc-picker "~4.11.3"
    rc-progress "~4.0.0"
    rc-rate "~2.13.1"
    rc-resize-observer "^1.4.3"
    rc-segmented "~2.7.0"
    rc-select "~14.16.8"
    rc-slider "~11.1.9"
    rc-steps "~6.0.1"
    rc-switch "~4.1.0"
    rc-table "~7.53.0"
    rc-tabs "~15.7.0"
    rc-textarea "~1.10.2"
    rc-tooltip "~6.4.0"
    rc-tree "~5.13.1"
    rc-tree-select "~5.27.0"
    rc-upload "~4.9.2"
    rc-util "^5.44.4"
    scroll-into-view-if-needed "^3.1.0"
    throttle-debounce "^5.0.2"

anymatch@~3.1.2:
  version "3.1.3"
  dependencies:
    normalize-path "^3.0.0"
    picomatch "^2.0.4"

asynckit@^0.4.0:
  version "0.4.0"

autoprefixer@^10.4.21:
  version "10.4.21"
  dependencies:
    browserslist "^4.24.4"
    caniuse-lite "^1.0.30001702"
    fraction.js "^4.3.7"
    normalize-range "^0.1.2"
    picocolors "^1.1.1"
    postcss-value-parser "^4.2.0"

balanced-match@^1.0.0:
  version "1.0.2"

base64id@~2.0.0, base64id@2.0.0:
  version "2.0.0"

binary-extensions@^2.0.0:
  version "2.3.0"

body-parser@^2.2.0:
  version "2.2.0"
  dependencies:
    bytes "^3.1.2"
    content-type "^1.0.5"
    debug "^4.4.0"
    http-errors "^2.0.0"
    iconv-lite "^0.6.3"
    on-finished "^2.4.1"
    qs "^6.14.0"
    raw-body "^3.0.0"
    type-is "^2.0.0"

brace-expansion@^1.1.7:
  version "1.1.12"
  dependencies:
    balanced-match "^1.0.0"
    concat-map "0.0.1"

braces@~3.0.2:
  version "3.0.3"
  dependencies:
    fill-range "^7.1.1"

browserslist@^4.24.4, "browserslist@>= 4.21.0":
  version "4.25.1"
  dependencies:
    caniuse-lite "^1.0.30001726"
    electron-to-chromium "^1.5.173"
    node-releases "^2.0.19"
    update-browserslist-db "^1.1.3"

bson@^6.10.4:
  version "6.10.4"

bytes@^3.1.2, bytes@3.1.2:
  version "3.1.2"

call-bind-apply-helpers@^1.0.1, call-bind-apply-helpers@^1.0.2:
  version "1.0.2"
  dependencies:
    es-errors "^1.3.0"
    function-bind "^1.1.2"

call-bound@^1.0.2:
  version "1.0.4"
  dependencies:
    call-bind-apply-helpers "^1.0.2"
    get-intrinsic "^1.3.0"

caniuse-lite@^1.0.30001702, caniuse-lite@^1.0.30001726:
  version "1.0.30001727"

chokidar@^3.5.2:
  version "3.6.0"
  dependencies:
    anymatch "~3.1.2"
    braces "~3.0.2"
    glob-parent "~5.1.2"
    is-binary-path "~2.1.0"
    is-glob "~4.0.1"
    normalize-path "~3.0.0"
    readdirp "~3.6.0"
  optionalDependencies:
    fsevents "~2.3.2"

classnames@^2.2.1, classnames@^2.2.3, classnames@^2.2.5, classnames@^2.2.6, classnames@^2.3.1, classnames@^2.3.2, classnames@^2.5.1, classnames@2.x:
  version "2.5.1"

combined-stream@^1.0.8:
  version "1.0.8"
  dependencies:
    delayed-stream "~1.0.0"

compute-scroll-into-view@^3.0.2:
  version "3.1.1"

concat-map@0.0.1:
  version "0.0.1"

content-disposition@^1.0.0:
  version "1.0.0"
  dependencies:
    safe-buffer "5.2.1"

content-type@^1.0.5:
  version "1.0.5"

cookie-signature@^1.2.1:
  version "1.2.2"

cookie@^0.7.1, cookie@~0.7.2:
  version "0.7.2"

copy-to-clipboard@^3.3.3:
  version "3.3.3"
  dependencies:
    toggle-selection "^1.0.6"

cors@^2.8.5, cors@~2.8.5:
  version "2.8.5"
  dependencies:
    object-assign "^4"
    vary "^1"

csstype@^3.1.3:
  version "3.1.3"

dayjs@^1.11.11, "dayjs@>= 1.x":
  version "1.11.13"

debug@^4, debug@^4.3.5, debug@^4.4.0, debug@4.x:
  version "4.4.1"
  dependencies:
    ms "^2.1.3"

debug@~4.3.1, debug@~4.3.2:
  version "4.3.7"
  dependencies:
    ms "^2.1.3"

debug@~4.3.4:
  version "4.3.7"
  dependencies:
    ms "^2.1.3"

delayed-stream@~1.0.0:
  version "1.0.0"

depd@^2.0.0, depd@2.0.0:
  version "2.0.0"

dotenv@^16.5.0:
  version "16.6.1"

dunder-proto@^1.0.1:
  version "1.0.1"
  dependencies:
    call-bind-apply-helpers "^1.0.1"
    es-errors "^1.3.0"
    gopd "^1.2.0"

ee-first@1.1.1:
  version "1.1.1"

electron-to-chromium@^1.5.173:
  version "1.5.192"

encodeurl@^2.0.0:
  version "2.0.0"

engine.io-parser@~5.2.1:
  version "5.2.3"

engine.io@~6.6.0:
  version "6.6.4"
  dependencies:
    "@types/cors" "^2.8.12"
    "@types/node" ">=10.0.0"
    accepts "~1.3.4"
    base64id "2.0.0"
    cookie "~0.7.2"
    cors "~2.8.5"
    debug "~4.3.1"
    engine.io-parser "~5.2.1"
    ws "~8.17.1"

es-define-property@^1.0.1:
  version "1.0.1"

es-errors@^1.3.0:
  version "1.3.0"

es-object-atoms@^1.0.0, es-object-atoms@^1.1.1:
  version "1.1.1"
  dependencies:
    es-errors "^1.3.0"

es-set-tostringtag@^2.1.0:
  version "2.1.0"
  dependencies:
    es-errors "^1.3.0"
    get-intrinsic "^1.2.6"
    has-tostringtag "^1.0.2"
    hasown "^2.0.2"

escalade@^3.2.0:
  version "3.2.0"

escape-html@^1.0.3:
  version "1.0.3"

etag@^1.8.1:
  version "1.8.1"

event-target-shim@^5.0.0:
  version "5.0.1"

express@^5.1.0:
  version "5.1.0"
  dependencies:
    accepts "^2.0.0"
    body-parser "^2.2.0"
    content-disposition "^1.0.0"
    content-type "^1.0.5"
    cookie "^0.7.1"
    cookie-signature "^1.2.1"
    debug "^4.4.0"
    encodeurl "^2.0.0"
    escape-html "^1.0.3"
    etag "^1.8.1"
    finalhandler "^2.1.0"
    fresh "^2.0.0"
    http-errors "^2.0.0"
    merge-descriptors "^2.0.0"
    mime-types "^3.0.0"
    on-finished "^2.4.1"
    once "^1.4.0"
    parseurl "^1.3.3"
    proxy-addr "^2.0.7"
    qs "^6.14.0"
    range-parser "^1.2.1"
    router "^2.2.0"
    send "^1.1.0"
    serve-static "^2.2.0"
    statuses "^2.0.1"
    type-is "^2.0.1"
    vary "^1.1.2"

fill-range@^7.1.1:
  version "7.1.1"
  dependencies:
    to-regex-range "^5.0.1"

finalhandler@^2.1.0:
  version "2.1.0"
  dependencies:
    debug "^4.4.0"
    encodeurl "^2.0.0"
    escape-html "^1.0.3"
    on-finished "^2.4.1"
    parseurl "^1.3.3"
    statuses "^2.0.1"

form-data-encoder@1.7.2:
  version "1.7.2"

form-data@^4.0.0:
  version "4.0.4"
  dependencies:
    asynckit "^0.4.0"
    combined-stream "^1.0.8"
    es-set-tostringtag "^2.1.0"
    hasown "^2.0.2"
    mime-types "^2.1.12"

formdata-node@^4.3.2:
  version "4.4.1"
  dependencies:
    node-domexception "1.0.0"
    web-streams-polyfill "4.0.0-beta.3"

forwarded@0.2.0:
  version "0.2.0"

fraction.js@^4.3.7:
  version "4.3.7"

fresh@^2.0.0:
  version "2.0.0"

function-bind@^1.1.2:
  version "1.1.2"

get-intrinsic@^1.2.5, get-intrinsic@^1.2.6, get-intrinsic@^1.3.0:
  version "1.3.0"
  dependencies:
    call-bind-apply-helpers "^1.0.2"
    es-define-property "^1.0.1"
    es-errors "^1.3.0"
    es-object-atoms "^1.1.1"
    function-bind "^1.1.2"
    get-proto "^1.0.1"
    gopd "^1.2.0"
    has-symbols "^1.1.0"
    hasown "^2.0.2"
    math-intrinsics "^1.1.0"

get-proto@^1.0.1:
  version "1.0.1"
  dependencies:
    dunder-proto "^1.0.1"
    es-object-atoms "^1.0.0"

glob-parent@~5.1.2:
  version "5.1.2"
  dependencies:
    is-glob "^4.0.1"

gopd@^1.2.0:
  version "1.2.0"

has-flag@^3.0.0:
  version "3.0.0"

has-symbols@^1.0.3, has-symbols@^1.1.0:
  version "1.1.0"

has-tostringtag@^1.0.2:
  version "1.0.2"
  dependencies:
    has-symbols "^1.0.3"

hasown@^2.0.2:
  version "2.0.2"
  dependencies:
    function-bind "^1.1.2"

http-errors@^2.0.0, http-errors@2.0.0:
  version "2.0.0"
  dependencies:
    depd "2.0.0"
    inherits "2.0.4"
    setprototypeof "1.2.0"
    statuses "2.0.1"
    toidentifier "1.0.1"

humanize-ms@^1.2.1:
  version "1.2.1"
  dependencies:
    ms "^2.0.0"

iconv-lite@^0.6.3, iconv-lite@0.6.3:
  version "0.6.3"
  dependencies:
    safer-buffer ">= 2.1.2 < 3.0.0"

ignore-by-default@^1.0.1:
  version "1.0.1"

inherits@2.0.4:
  version "2.0.4"

ipaddr.js@1.9.1:
  version "1.9.1"

is-binary-path@~2.1.0:
  version "2.1.0"
  dependencies:
    binary-extensions "^2.0.0"

is-extglob@^2.1.1:
  version "2.1.1"

is-glob@^4.0.1, is-glob@~4.0.1:
  version "4.0.3"
  dependencies:
    is-extglob "^2.1.1"

is-number@^7.0.0:
  version "7.0.0"

is-promise@^4.0.0:
  version "4.0.0"

json2mq@^0.2.0:
  version "0.2.0"
  dependencies:
    string-convert "^0.2.0"

kareem@2.6.3:
  version "2.6.3"

math-intrinsics@^1.1.0:
  version "1.1.0"

media-typer@^1.1.0:
  version "1.1.0"

memory-pager@^1.0.2:
  version "1.5.0"

merge-descriptors@^2.0.0:
  version "2.0.0"

mime-db@^1.54.0:
  version "1.54.0"

mime-db@1.52.0:
  version "1.52.0"

mime-types@^2.1.12:
  version "2.1.35"
  dependencies:
    mime-db "1.52.0"

mime-types@^3.0.0, mime-types@^3.0.1:
  version "3.0.1"
  dependencies:
    mime-db "^1.54.0"

mime-types@~2.1.34:
  version "2.1.35"
  dependencies:
    mime-db "1.52.0"

minimatch@^3.1.2:
  version "3.1.2"
  dependencies:
    brace-expansion "^1.1.7"

mongodb-connection-string-url@^3.0.0:
  version "3.0.2"
  dependencies:
    "@types/whatwg-url" "^11.0.2"
    whatwg-url "^14.1.0 || ^13.0.0"

mongodb@~6.18.0:
  version "6.18.0"
  dependencies:
    "@mongodb-js/saslprep" "^1.1.9"
    bson "^6.10.4"
    mongodb-connection-string-url "^3.0.0"

mongoose@^8.15.0:
  version "8.18.2"
  dependencies:
    bson "^6.10.4"
    kareem "2.6.3"
    mongodb "~6.18.0"
    mpath "0.9.0"
    mquery "5.0.0"
    ms "2.1.3"
    sift "17.1.3"

mpath@0.9.0:
  version "0.9.0"

mquery@5.0.0:
  version "5.0.0"
  dependencies:
    debug "4.x"

ms@^2.0.0, ms@^2.1.3, ms@2.1.3:
  version "2.1.3"

nanoid@^3.3.11:
  version "3.3.11"

negotiator@^1.0.0:
  version "1.0.0"

negotiator@0.6.3:
  version "0.6.3"

node-domexception@1.0.0:
  version "1.0.0"

node-fetch@^2.6.7:
  version "2.7.0"
  dependencies:
    whatwg-url "^5.0.0"

node-releases@^2.0.19:
  version "2.0.19"

nodemon@^3.1.10:
  version "3.1.10"
  dependencies:
    chokidar "^3.5.2"
    debug "^4"
    ignore-by-default "^1.0.1"
    minimatch "^3.1.2"
    pstree.remy "^1.1.8"
    semver "^7.5.3"
    simple-update-notifier "^2.0.0"
    supports-color "^5.5.0"
    touch "^3.1.0"
    undefsafe "^2.0.5"

normalize-path@^3.0.0, normalize-path@~3.0.0:
  version "3.0.0"

normalize-range@^0.1.2:
  version "0.1.2"

object-assign@^4:
  version "4.1.1"

object-inspect@^1.13.3:
  version "1.13.4"

on-finished@^2.4.1:
  version "2.4.1"
  dependencies:
    ee-first "1.1.1"

once@^1.4.0:
  version "1.4.0"
  dependencies:
    wrappy "1"

openai@^4.100.0:
  version "4.104.0"
  dependencies:
    "@types/node" "^18.11.18"
    "@types/node-fetch" "^2.6.4"
    abort-controller "^3.0.0"
    agentkeepalive "^4.2.1"
    form-data-encoder "1.7.2"
    formdata-node "^4.3.2"
    node-fetch "^2.6.7"

parseurl@^1.3.3:
  version "1.3.3"

path-to-regexp@^8.0.0:
  version "8.2.0"

picocolors@^1.1.1:
  version "1.1.1"

picomatch@^2.0.4, picomatch@^2.2.1:
  version "2.3.1"

postcss-value-parser@^4.2.0:
  version "4.2.0"

postcss@^8.1.0, postcss@^8.5.3:
  version "8.5.6"
  dependencies:
    nanoid "^3.3.11"
    picocolors "^1.1.1"
    source-map-js "^1.2.1"

proxy-addr@^2.0.7:
  version "2.0.7"
  dependencies:
    forwarded "0.2.0"
    ipaddr.js "1.9.1"

pstree.remy@^1.1.8:
  version "1.1.8"

punycode@^2.3.1:
  version "2.3.1"

qs@^6.14.0:
  version "6.14.0"
  dependencies:
    side-channel "^1.1.0"

range-parser@^1.2.1:
  version "1.2.1"

raw-body@^3.0.0:
  version "3.0.0"
  dependencies:
    bytes "3.1.2"
    http-errors "2.0.0"
    iconv-lite "0.6.3"
    unpipe "1.0.0"

rc-cascader@~3.34.0:
  version "3.34.0"
  dependencies:
    "@babel/runtime" "^7.25.7"
    classnames "^2.3.1"
    rc-select "~14.16.2"
    rc-tree "~5.13.0"
    rc-util "^5.43.0"

rc-checkbox@~3.5.0:
  version "3.5.0"
  dependencies:
    "@babel/runtime" "^7.10.1"
    classnames "^2.3.2"
    rc-util "^5.25.2"

rc-collapse@~3.9.0:
  version "3.9.0"
  dependencies:
    "@babel/runtime" "^7.10.1"
    classnames "2.x"
    rc-motion "^2.3.4"
    rc-util "^5.27.0"

rc-dialog@~9.6.0:
  version "9.6.0"
  dependencies:
    "@babel/runtime" "^7.10.1"
    "@rc-component/portal" "^1.0.0-8"
    classnames "^2.2.6"
    rc-motion "^2.3.0"
    rc-util "^5.21.0"

rc-drawer@~7.3.0:
  version "7.3.0"
  dependencies:
    "@babel/runtime" "^7.23.9"
    "@rc-component/portal" "^1.1.1"
    classnames "^2.2.6"
    rc-motion "^2.6.1"
    rc-util "^5.38.1"

rc-dropdown@~4.2.0, rc-dropdown@~4.2.1:
  version "4.2.1"
  dependencies:
    "@babel/runtime" "^7.18.3"
    "@rc-component/trigger" "^2.0.0"
    classnames "^2.2.6"
    rc-util "^5.44.1"

rc-field-form@~2.7.0:
  version "2.7.0"
  dependencies:
    "@babel/runtime" "^7.18.0"
    "@rc-component/async-validator" "^5.0.3"
    rc-util "^5.32.2"

rc-image@~7.12.0:
  version "7.12.0"
  dependencies:
    "@babel/runtime" "^7.11.2"
    "@rc-component/portal" "^1.0.2"
    classnames "^2.2.6"
    rc-dialog "~9.6.0"
    rc-motion "^2.6.2"
    rc-util "^5.34.1"

rc-input-number@~9.5.0:
  version "9.5.0"
  dependencies:
    "@babel/runtime" "^7.10.1"
    "@rc-component/mini-decimal" "^1.0.1"
    classnames "^2.2.5"
    rc-input "~1.8.0"
    rc-util "^5.40.1"

rc-input@~1.8.0:
  version "1.8.0"
  dependencies:
    "@babel/runtime" "^7.11.1"
    classnames "^2.2.1"
    rc-util "^5.18.1"

rc-mentions@~2.20.0:
  version "2.20.0"
  dependencies:
    "@babel/runtime" "^7.22.5"
    "@rc-component/trigger" "^2.0.0"
    classnames "^2.2.6"
    rc-input "~1.8.0"
    rc-menu "~9.16.0"
    rc-textarea "~1.10.0"
    rc-util "^5.34.1"

rc-menu@~9.16.0, rc-menu@~9.16.1:
  version "9.16.1"
  dependencies:
    "@babel/runtime" "^7.10.1"
    "@rc-component/trigger" "^2.0.0"
    classnames "2.x"
    rc-motion "^2.4.3"
    rc-overflow "^1.3.1"
    rc-util "^5.27.0"

rc-motion@^2.0.0, rc-motion@^2.0.1, rc-motion@^2.3.0, rc-motion@^2.3.4, rc-motion@^2.4.3, rc-motion@^2.4.4, rc-motion@^2.6.1, rc-motion@^2.6.2, rc-motion@^2.9.0, rc-motion@^2.9.5:
  version "2.9.5"
  dependencies:
    "@babel/runtime" "^7.11.1"
    classnames "^2.2.1"
    rc-util "^5.44.0"

rc-notification@~5.6.4:
  version "5.6.4"
  dependencies:
    "@babel/runtime" "^7.10.1"
    classnames "2.x"
    rc-motion "^2.9.0"
    rc-util "^5.20.1"

rc-overflow@^1.3.1, rc-overflow@^1.3.2:
  version "1.4.1"
  dependencies:
    "@babel/runtime" "^7.11.1"
    classnames "^2.2.1"
    rc-resize-observer "^1.0.0"
    rc-util "^5.37.0"

rc-pagination@~5.1.0:
  version "5.1.0"
  dependencies:
    "@babel/runtime" "^7.10.1"
    classnames "^2.3.2"
    rc-util "^5.38.0"

rc-picker@~4.11.3:
  version "4.11.3"
  dependencies:
    "@babel/runtime" "^7.24.7"
    "@rc-component/trigger" "^2.0.0"
    classnames "^2.2.1"
    rc-overflow "^1.3.2"
    rc-resize-observer "^1.4.0"
    rc-util "^5.43.0"

rc-progress@~4.0.0:
  version "4.0.0"
  dependencies:
    "@babel/runtime" "^7.10.1"
    classnames "^2.2.6"
    rc-util "^5.16.1"

rc-rate@~2.13.1:
  version "2.13.1"
  dependencies:
    "@babel/runtime" "^7.10.1"
    classnames "^2.2.5"
    rc-util "^5.0.1"

rc-resize-observer@^1.0.0, rc-resize-observer@^1.1.0, rc-resize-observer@^1.3.1, rc-resize-observer@^1.4.0, rc-resize-observer@^1.4.3:
  version "1.4.3"
  dependencies:
    "@babel/runtime" "^7.20.7"
    classnames "^2.2.1"
    rc-util "^5.44.1"
    resize-observer-polyfill "^1.5.1"

rc-segmented@~2.7.0:
  version "2.7.0"
  dependencies:
    "@babel/runtime" "^7.11.1"
    classnames "^2.2.1"
    rc-motion "^2.4.4"
    rc-util "^5.17.0"

rc-select@~14.16.2, rc-select@~14.16.8:
  version "14.16.8"
  dependencies:
    "@babel/runtime" "^7.10.1"
    "@rc-component/trigger" "^2.1.1"
    classnames "2.x"
    rc-motion "^2.0.1"
    rc-overflow "^1.3.1"
    rc-util "^5.16.1"
    rc-virtual-list "^3.5.2"

rc-slider@~11.1.9:
  version "11.1.9"
  dependencies:
    "@babel/runtime" "^7.10.1"
    classnames "^2.2.5"
    rc-util "^5.36.0"

rc-steps@~6.0.1:
  version "6.0.1"
  dependencies:
    "@babel/runtime" "^7.16.7"
    classnames "^2.2.3"
    rc-util "^5.16.1"

rc-switch@~4.1.0:
  version "4.1.0"
  dependencies:
    "@babel/runtime" "^7.21.0"
    classnames "^2.2.1"
    rc-util "^5.30.0"

rc-table@~7.53.0:
  version "7.53.1"
  dependencies:
    "@babel/runtime" "^7.10.1"
    "@rc-component/context" "^1.4.0"
    classnames "^2.2.5"
    rc-resize-observer "^1.1.0"
    rc-util "^5.44.3"
    rc-virtual-list "^3.14.2"

rc-tabs@~15.7.0:
  version "15.7.0"
  dependencies:
    "@babel/runtime" "^7.11.2"
    classnames "2.x"
    rc-dropdown "~4.2.0"
    rc-menu "~9.16.0"
    rc-motion "^2.6.2"
    rc-resize-observer "^1.0.0"
    rc-util "^5.34.1"

rc-textarea@~1.10.0, rc-textarea@~1.10.2:
  version "1.10.2"
  dependencies:
    "@babel/runtime" "^7.10.1"
    classnames "^2.2.1"
    rc-input "~1.8.0"
    rc-resize-observer "^1.0.0"
    rc-util "^5.27.0"

rc-tooltip@~6.4.0:
  version "6.4.0"
  dependencies:
    "@babel/runtime" "^7.11.2"
    "@rc-component/trigger" "^2.0.0"
    classnames "^2.3.1"
    rc-util "^5.44.3"

rc-tree-select@~5.27.0:
  version "5.27.0"
  dependencies:
    "@babel/runtime" "^7.25.7"
    classnames "2.x"
    rc-select "~14.16.2"
    rc-tree "~5.13.0"
    rc-util "^5.43.0"

rc-tree@~5.13.0, rc-tree@~5.13.1:
  version "5.13.1"
  dependencies:
    "@babel/runtime" "^7.10.1"
    classnames "2.x"
    rc-motion "^2.0.1"
    rc-util "^5.16.1"
    rc-virtual-list "^3.5.1"

rc-upload@~4.9.2:
  version "4.9.2"
  dependencies:
    "@babel/runtime" "^7.18.3"
    classnames "^2.2.5"
    rc-util "^5.2.0"

rc-util@^5.0.1, rc-util@^5.16.1, rc-util@^5.17.0, rc-util@^5.18.1, rc-util@^5.2.0, rc-util@^5.20.1, rc-util@^5.21.0, rc-util@^5.24.4, rc-util@^5.25.2, rc-util@^5.27.0, rc-util@^5.30.0, rc-util@^5.31.1, rc-util@^5.32.2, rc-util@^5.34.1, rc-util@^5.35.0, rc-util@^5.36.0, rc-util@^5.37.0, rc-util@^5.38.0, rc-util@^5.38.1, rc-util@^5.40.1, rc-util@^5.43.0, rc-util@^5.44.0, rc-util@^5.44.1, rc-util@^5.44.3, rc-util@^5.44.4:
  version "5.44.4"
  dependencies:
    "@babel/runtime" "^7.18.3"
    react-is "^18.2.0"

rc-virtual-list@^3.14.2, rc-virtual-list@^3.5.1, rc-virtual-list@^3.5.2:
  version "3.19.1"
  dependencies:
    "@babel/runtime" "^7.20.0"
    classnames "^2.2.6"
    rc-resize-observer "^1.0.0"
    rc-util "^5.36.0"

react-dom@*, react-dom@>=16.0.0, react-dom@>=16.11.0, react-dom@>=16.9.0:
  version "19.1.1"
  dependencies:
    scheduler "^0.26.0"

react-is@^18.2.0:
  version "18.3.1"

react@*, react@^19.1.1, react@>=16.0.0, react@>=16.11.0, react@>=16.9.0:
  version "19.1.1"

readdirp@~3.6.0:
  version "3.6.0"
  dependencies:
    picomatch "^2.2.1"

resize-observer-polyfill@^1.5.1:
  version "1.5.1"

router@^2.2.0:
  version "2.2.0"
  dependencies:
    debug "^4.4.0"
    depd "^2.0.0"
    is-promise "^4.0.0"
    parseurl "^1.3.3"
    path-to-regexp "^8.0.0"

safe-buffer@5.2.1:
  version "5.2.1"

"safer-buffer@>= 2.1.2 < 3.0.0":
  version "2.1.2"

scheduler@^0.26.0:
  version "0.26.0"

scroll-into-view-if-needed@^3.1.0:
  version "3.1.0"
  dependencies:
    compute-scroll-into-view "^3.0.2"

semver@^7.5.3:
  version "7.7.2"

send@^1.1.0, send@^1.2.0:
  version "1.2.0"
  dependencies:
    debug "^4.3.5"
    encodeurl "^2.0.0"
    escape-html "^1.0.3"
    etag "^1.8.1"
    fresh "^2.0.0"
    http-errors "^2.0.0"
    mime-types "^3.0.1"
    ms "^2.1.3"
    on-finished "^2.4.1"
    range-parser "^1.2.1"
    statuses "^2.0.1"

serve-static@^2.2.0:
  version "2.2.0"
  dependencies:
    encodeurl "^2.0.0"
    escape-html "^1.0.3"
    parseurl "^1.3.3"
    send "^1.2.0"

setprototypeof@1.2.0:
  version "1.2.0"

side-channel-list@^1.0.0:
  version "1.0.0"
  dependencies:
    es-errors "^1.3.0"
    object-inspect "^1.13.3"

side-channel-map@^1.0.1:
  version "1.0.1"
  dependencies:
    call-bound "^1.0.2"
    es-errors "^1.3.0"
    get-intrinsic "^1.2.5"
    object-inspect "^1.13.3"

side-channel-weakmap@^1.0.2:
  version "1.0.2"
  dependencies:
    call-bound "^1.0.2"
    es-errors "^1.3.0"
    get-intrinsic "^1.2.5"
    object-inspect "^1.13.3"
    side-channel-map "^1.0.1"

side-channel@^1.1.0:
  version "1.1.0"
  dependencies:
    es-errors "^1.3.0"
    object-inspect "^1.13.3"
    side-channel-list "^1.0.0"
    side-channel-map "^1.0.1"
    side-channel-weakmap "^1.0.2"

sift@17.1.3:
  version "17.1.3"

simple-update-notifier@^2.0.0:
  version "2.0.0"
  dependencies:
    semver "^7.5.3"

socket.io-adapter@~2.5.2:
  version "2.5.5"
  dependencies:
    debug "~4.3.4"
    ws "~8.17.1"

socket.io-parser@~4.2.4:
  version "4.2.4"
  dependencies:
    "@socket.io/component-emitter" "~3.1.0"
    debug "~4.3.1"

socket.io@^4.8.1:
  version "4.8.1"
  dependencies:
    accepts "~1.3.4"
    base64id "~2.0.0"
    cors "~2.8.5"
    debug "~4.3.2"
    engine.io "~6.6.0"
    socket.io-adapter "~2.5.2"
    socket.io-parser "~4.2.4"

source-map-js@^1.2.1:
  version "1.2.1"

sparse-bitfield@^3.0.3:
  version "3.0.3"
  dependencies:
    memory-pager "^1.0.2"

statuses@^2.0.1:
  version "2.0.2"

statuses@2.0.1:
  version "2.0.1"

string-convert@^0.2.0:
  version "0.2.1"

stylis@^4.3.4:
  version "4.3.6"

supports-color@^5.5.0:
  version "5.5.0"
  dependencies:
    has-flag "^3.0.0"

tailwindcss@^4.1.7:
  version "4.1.13"

throttle-debounce@^5.0.0, throttle-debounce@^5.0.2:
  version "5.0.2"

to-regex-range@^5.0.1:
  version "5.0.1"
  dependencies:
    is-number "^7.0.0"

toggle-selection@^1.0.6:
  version "1.0.6"

toidentifier@1.0.1:
  version "1.0.1"

touch@^3.1.0:
  version "3.1.1"

tr46@^5.1.0:
  version "5.1.1"
  dependencies:
    punycode "^2.3.1"

tr46@~0.0.3:
  version "0.0.3"

type-is@^2.0.0, type-is@^2.0.1:
  version "2.0.1"
  dependencies:
    content-type "^1.0.5"
    media-typer "^1.1.0"
    mime-types "^3.0.0"

undefsafe@^2.0.5:
  version "2.0.5"

undici-types@~5.26.4:
  version "5.26.5"

undici-types@~7.8.0:
  version "7.8.0"

unpipe@1.0.0:
  version "1.0.0"

update-browserslist-db@^1.1.3:
  version "1.1.3"
  dependencies:
    escalade "^3.2.0"
    picocolors "^1.1.1"

vary@^1, vary@^1.1.2:
  version "1.1.2"

web-streams-polyfill@4.0.0-beta.3:
  version "4.0.0-beta.3"

webidl-conversions@^3.0.0:
  version "3.0.1"

webidl-conversions@^7.0.0:
  version "7.0.0"

"whatwg-url@^14.1.0 || ^13.0.0":
  version "14.2.0"
  dependencies:
    tr46 "^5.1.0"
    webidl-conversions "^7.0.0"

whatwg-url@^5.0.0:
  version "5.0.0"
  dependencies:
    tr46 "~0.0.3"
    webidl-conversions "^3.0.0"

wrappy@1:
  version "1.0.2"

ws@^8.18.0:
  version "8.18.3"

ws@~8.17.1:
  version "8.17.1"
